
Microsoft Visual Studio Solution File, Format Version 12.00
# Visual Studio 15
Project("{FAE04EC0-301F-11D3-BF4B-00C04F79EFBC}") = "Assembly-CSharp-Editor", "Assembly-CSharp-Editor.csproj", "{C831EEDF-6074-75AD-2D40-D91557FCE7FD}"
EndProject
Project("{FAE04EC0-301F-11D3-BF4B-00C04F79EFBC}") = "Assembly-CSharp", "Assembly-CSharp.csproj", "{8475AD15-8685-0CA2-D6DA-921A4BA27441}"
EndProject
Global
	GlobalSection(SolutionConfigurationPlatforms) = preSolution
		Debug|Any CPU = Debug|Any CPU
		Release|Any CPU = Release|Any CPU
	EndGlobalSection
	GlobalSection(ProjectConfigurationPlatforms) = postSolution
		{C831EEDF-6074-75AD-2D40-D91557FCE7FD}.Debug|Any CPU.ActiveCfg = Debug|Any CPU
		{C831EEDF-6074-75AD-2D40-D91557FCE7FD}.Debug|Any CPU.Build.0 = Debug|Any CPU
		{C831EEDF-6074-75AD-2D40-D91557FCE7FD}.Release|Any CPU.ActiveCfg = Release|Any CPU
		{C831EEDF-6074-75AD-2D40-D91557FCE7FD}.Release|Any CPU.Build.0 = Release|Any CPU
		{8475AD15-8685-0CA2-D6DA-921A4BA27441}.Debug|Any CPU.ActiveCfg = Debug|Any CPU
		{8475AD15-8685-0CA2-D6DA-921A4BA27441}.Debug|Any CPU.Build.0 = Debug|Any CPU
		{8475AD15-8685-0CA2-D6DA-921A4BA27441}.Release|Any CPU.ActiveCfg = Release|Any CPU
		{8475AD15-8685-0CA2-D6DA-921A4BA27441}.Release|Any CPU.Build.0 = Release|Any CPU
	EndGlobalSection
	GlobalSection(SolutionProperties) = preSolution
		HideSolutionNode = FALSE
	EndGlobalSection
EndGlobal
